
Microsoft Visual Studio Solution File, Format Version 12.00
# Visual Studio 14
VisualStudioVersion = 14.0.24720.0
MinimumVisualStudioVersion = 10.0.40219.1
Project("{FAE04EC0-301F-11D3-BF4B-00C04F79EFBC}") = "CsomInspector.Core", "CsomInspector.Core\CsomInspector.Core.csproj", "{19449C78-0C36-4AFA-99E5-6F5F7DE11E10}"
EndProject
Project("{FAE04EC0-301F-11D3-BF4B-00C04F79EFBC}") = "CsomInspector.Fiddler", "CsomInspector.Fiddler\CsomInspector.Fiddler.csproj", "{6ACC9823-3D87-49DB-95D5-991ED3C09B3C}"
EndProject
Global
	GlobalSection(SolutionConfigurationPlatforms) = preSolution
		Debug|Any CPU = Debug|Any CPU
		Release|Any CPU = Release|Any CPU
	EndGlobalSection
	GlobalSection(ProjectConfigurationPlatforms) = postSolution
		{19449C78-0C36-4AFA-99E5-6F5F7DE11E10}.Debug|Any CPU.ActiveCfg = Debug|Any CPU
		{19449C78-0C36-4AFA-99E5-6F5F7DE11E10}.Debug|Any CPU.Build.0 = Debug|Any CPU
		{19449C78-0C36-4AFA-99E5-6F5F7DE11E10}.Release|Any CPU.ActiveCfg = Release|Any CPU
		{19449C78-0C36-4AFA-99E5-6F5F7DE11E10}.Release|Any CPU.Build.0 = Release|Any CPU
		{6ACC9823-3D87-49DB-95D5-991ED3C09B3C}.Debug|Any CPU.ActiveCfg = Debug|Any CPU
		{6ACC9823-3D87-49DB-95D5-991ED3C09B3C}.Debug|Any CPU.Build.0 = Debug|Any CPU
		{6ACC9823-3D87-49DB-95D5-991ED3C09B3C}.Release|Any CPU.ActiveCfg = Release|Any CPU
		{6ACC9823-3D87-49DB-95D5-991ED3C09B3C}.Release|Any CPU.Build.0 = Release|Any CPU
	EndGlobalSection
	GlobalSection(SolutionProperties) = preSolution
		HideSolutionNode = FALSE
	EndGlobalSection
EndGlobal
